# This file is automatically @generated by Cargo.
# It is not intended for manual editing.
version = 4

[[package]]
name = "bitflags"
version = "1.3.2"
source = "registry+https://github.com/rust-lang/crates.io-index"
checksum = "bef38d45163c2f1dde094a7dfd33ccf595c92905c8f8f4fdc18d06fb1037718a"

[[package]]
name = "cc"
version = "1.2.16"
source = "registry+https://github.com/rust-lang/crates.io-index"
checksum = "be714c154be609ec7f5dad223a33bf1482fff90472de28f7362806e6d4832b8c"
dependencies = [
 "shlex",
]

[[package]]
name = "cmake"
version = "0.1.54"
source = "registry+https://github.com/rust-lang/crates.io-index"
checksum = "e7caa3f9de89ddbe2c607f4101924c5abec803763ae9534e4f4d7d8f84aa81f0"
dependencies = [
 "cc",
]

[[package]]
name = "cubeb"
version = "0.21.0"
source = "registry+https://github.com/rust-lang/crates.io-index"
checksum = "9410f157c45da8f47588345d412c47cb5eaeab2dbdf55f696893607041932223"
dependencies = [
 "cubeb-core",
]

[[package]]
name = "cubeb-core"
version = "0.21.0"
source = "registry+https://github.com/rust-lang/crates.io-index"
checksum = "27d19b5babad5a12aa847cfc8c1c24bb6636a6cd6a1e203553c03bdded936cef"
dependencies = [
 "bitflags",
 "cc",
 "cubeb-sys",
]

[[package]]
name = "cubeb-sys"
version = "0.21.0"
source = "registry+https://github.com/rust-lang/crates.io-index"
checksum = "e7b9f9b378be6261f19cadbd8b45a38d0a0e6367f17c8af68bff9890dc714139"
dependencies = [
 "cmake",
 "pkg-config",
]

[[package]]
name = "pkg-config"
version = "0.3.32"
source = "registry+https://github.com/rust-lang/crates.io-index"
checksum = "7edddbd0b52d732b21ad9a5fab5c704c14cd949e5e9a1ec5929a24fded1b904c"

[[package]]
name = "shlex"
version = "1.3.0"
source = "registry+https://github.com/rust-lang/crates.io-index"
checksum = "0fda2ff0d084019ba4d7c6f371c95d8fd75ce3524c3cb8fb653a3023f6323e64"

[[package]]
name = "test-coreaudio-rs"
version = "0.1.0"
dependencies = [
 "cubeb",
 "cubeb-core",
]
